
Microsoft Visual Studio Solution File, Format Version 12.00
# Visual Studio Version 17
VisualStudioVersion = 17.0.31919.166
MinimumVisualStudioVersion = 10.0.40219.1
Project("{FAE04EC0-301F-11D3-BF4B-00C04F79EFBC}") = "Seren-Up_Simulator", "Seren-Up_Simulator\Seren-Up_Simulator.csproj", "{2DF77411-CE61-4972-AF78-28E5E910DDF2}"
EndProject
Global
	GlobalSection(SolutionConfigurationPlatforms) = preSolution
		Debug|Any CPU = Debug|Any CPU
		Release|Any CPU = Release|Any CPU
	EndGlobalSection
	GlobalSection(ProjectConfigurationPlatforms) = postSolution
		{2DF77411-CE61-4972-AF78-28E5E910DDF2}.Debug|Any CPU.ActiveCfg = Debug|Any CPU
		{2DF77411-CE61-4972-AF78-28E5E910DDF2}.Debug|Any CPU.Build.0 = Debug|Any CPU
		{2DF77411-CE61-4972-AF78-28E5E910DDF2}.Release|Any CPU.ActiveCfg = Release|Any CPU
		{2DF77411-CE61-4972-AF78-28E5E910DDF2}.Release|Any CPU.Build.0 = Release|Any CPU
	EndGlobalSection
	GlobalSection(SolutionProperties) = preSolution
		HideSolutionNode = FALSE
	EndGlobalSection
	GlobalSection(ExtensibilityGlobals) = postSolution
		SolutionGuid = {D9C91A4F-A1D8-44E0-9C97-BB57856045DD}
	EndGlobalSection
EndGlobal
